// !$*UTF8*$!
{
	archiveVersion = 1;
	classes = {
	};
	objectVersion = 56;
	objects = {

/* Begin PBXBuildFile section */
		AF0143812B8DF25600AF5E6C /* AppDelegate.swift in Sources */ = {isa = PBXBuildFile; fileRef = AF0143802B8DF25600AF5E6C /* AppDelegate.swift */; };
		AF01438A2B8DF25A00AF5E6C /* Assets.xcassets in Resources */ = {isa = PBXBuildFile; fileRef = AF0143892B8DF25A00AF5E6C /* Assets.xcassets */; };
		AF01438D2B8DF25A00AF5E6C /* LaunchScreen.storyboard in Resources */ = {isa = PBXBuildFile; fileRef = AF01438B2B8DF25A00AF5E6C /* LaunchScreen.storyboard */; };
		AF0143982B8DF25A00AF5E6C /* LampUITests.swift in Sources */ = {isa = PBXBuildFile; fileRef = AF0143972B8DF25A00AF5E6C /* LampUITests.swift */; };
		AF0143A22B8DF25A00AF5E6C /* LampUIUITests.swift in Sources */ = {isa = PBXBuildFile; fileRef = AF0143A12B8DF25A00AF5E6C /* LampUIUITests.swift */; };
		AF0143A42B8DF25A00AF5E6C /* LampUIUITestsLaunchTests.swift in Sources */ = {isa = PBXBuildFile; fileRef = AF0143A32B8DF25A00AF5E6C /* LampUIUITestsLaunchTests.swift */; };
		AF0143B22B8DF39A00AF5E6C /* LampVC.swift in Sources */ = {isa = PBXBuildFile; fileRef = AF0143B02B8DF39A00AF5E6C /* LampVC.swift */; };
		AF0143B32B8DF39A00AF5E6C /* LampVC.xib in Resources */ = {isa = PBXBuildFile; fileRef = AF0143B12B8DF39A00AF5E6C /* LampVC.xib */; };
/* End PBXBuildFile section */

/* Begin PBXContainerItemProxy section */
		AF0143942B8DF25A00AF5E6C /* PBXContainerItemProxy */ = {
			isa = PBXContainerItemProxy;
			containerPortal = AF0143752B8DF25600AF5E6C /* Project object */;
			proxyType = 1;
			remoteGlobalIDString = AF01437C2B8DF25600AF5E6C;
			remoteInfo = LampUI;
		};
		AF01439E2B8DF25A00AF5E6C /* PBXContainerItemProxy */ = {
			isa = PBXContainerItemProxy;
			containerPortal = AF0143752B8DF25600AF5E6C /* Project object */;
			proxyType = 1;
			remoteGlobalIDString = AF01437C2B8DF25600AF5E6C;
			remoteInfo = LampUI;
		};
/* End PBXContainerItemProxy section */

/* Begin PBXFileReference section */
		AF01437D2B8DF25600AF5E6C /* LampUI.app */ = {isa = PBXFileReference; explicitFileType = wrapper.application; includeInIndex = 0; path = LampUI.app; sourceTree = BUILT_PRODUCTS_DIR; };
		AF0143802B8DF25600AF5E6C /* AppDelegate.swift */ = {isa = PBXFileReference; lastKnownFileType = sourcecode.swift; path = AppDelegate.swift; sourceTree = "<group>"; };
		AF0143892B8DF25A00AF5E6C /* Assets.xcassets */ = {isa = PBXFileReference; lastKnownFileType = folder.assetcatalog; path = Assets.xcassets; sourceTree = "<group>"; };
		AF01438C2B8DF25A00AF5E6C /* Base */ = {isa = PBXFileReference; lastKnownFileType = file.storyboard; name = Base; path = Base.lproj/LaunchScreen.storyboard; sourceTree = "<group>"; };
		AF01438E2B8DF25A00AF5E6C /* Info.plist */ = {isa = PBXFileReference; lastKnownFileType = text.plist.xml; path = Info.plist; sourceTree = "<group>"; };
		AF0143932B8DF25A00AF5E6C /* LampUITests.xctest */ = {isa = PBXFileReference; explicitFileType = wrapper.cfbundle; includeInIndex = 0; path = LampUITests.xctest; sourceTree = BUILT_PRODUCTS_DIR; };
		AF0143972B8DF25A00AF5E6C /* LampUITests.swift */ = {isa = PBXFileReference; lastKnownFileType = sourcecode.swift; path = LampUITests.swift; sourceTree = "<group>"; };
		AF01439D2B8DF25A00AF5E6C /* LampUIUITests.xctest */ = {isa = PBXFileReference; explicitFileType = wrapper.cfbundle; includeInIndex = 0; path = LampUIUITests.xctest; sourceTree = BUILT_PRODUCTS_DIR; };
		AF0143A12B8DF25A00AF5E6C /* LampUIUITests.swift */ = {isa = PBXFileReference; lastKnownFileType = sourcecode.swift; path = LampUIUITests.swift; sourceTree = "<group>"; };
		AF0143A32B8DF25A00AF5E6C /* LampUIUITestsLaunchTests.swift */ = {isa = PBXFileReference; lastKnownFileType = sourcecode.swift; path = LampUIUITestsLaunchTests.swift; sourceTree = "<group>"; };
		AF0143B02B8DF39A00AF5E6C /* LampVC.swift */ = {isa = PBXFileReference; lastKnownFileType = sourcecode.swift; path = LampVC.swift; sourceTree = "<group>"; };
		AF0143B12B8DF39A00AF5E6C /* LampVC.xib */ = {isa = PBXFileReference; lastKnownFileType = file.xib; path = LampVC.xib; sourceTree = "<group>"; };
/* End PBXFileReference section */

/* Begin PBXFrameworksBuildPhase section */
		AF01437A2B8DF25600AF5E6C /* Frameworks */ = {
			isa = PBXFrameworksBuildPhase;
			buildActionMask = 2147483647;
			files = (
			);
			runOnlyForDeploymentPostprocessing = 0;
		};
		AF0143902B8DF25A00AF5E6C /* Frameworks */ = {
			isa = PBXFrameworksBuildPhase;
			buildActionMask = 2147483647;
			files = (
			);
			runOnlyForDeploymentPostprocessing = 0;
		};
		AF01439A2B8DF25A00AF5E6C /* Frameworks */ = {
			isa = PBXFrameworksBuildPhase;
			buildActionMask = 2147483647;
			files = (
			);
			runOnlyForDeploymentPostprocessing = 0;
		};
/* End PBXFrameworksBuildPhase section */

/* Begin PBXGroup section */
		AF0143742B8DF25600AF5E6C = {
			isa = PBXGroup;
			children = (
				AF01437F2B8DF25600AF5E6C /* LampUI */,
				AF0143962B8DF25A00AF5E6C /* LampUITests */,
				AF0143A02B8DF25A00AF5E6C /* LampUIUITests */,
				AF01437E2B8DF25600AF5E6C /* Products */,
			);
			sourceTree = "<group>";
		};
		AF01437E2B8DF25600AF5E6C /* Products */ = {
			isa = PBXGroup;
			children = (
				AF01437D2B8DF25600AF5E6C /* LampUI.app */,
				AF0143932B8DF25A00AF5E6C /* LampUITests.xctest */,
				AF01439D2B8DF25A00AF5E6C /* LampUIUITests.xctest */,
			);
			name = Products;
			sourceTree = "<group>";
		};
		AF01437F2B8DF25600AF5E6C /* LampUI */ = {
			isa = PBXGroup;
			children = (
				AF0143802B8DF25600AF5E6C /* AppDelegate.swift */,
				AF0143892B8DF25A00AF5E6C /* Assets.xcassets */,
				AF01438B2B8DF25A00AF5E6C /* LaunchScreen.storyboard */,
				AF01438E2B8DF25A00AF5E6C /* Info.plist */,
				AF0143B02B8DF39A00AF5E6C /* LampVC.swift */,
				AF0143B12B8DF39A00AF5E6C /* LampVC.xib */,
			);
			path = LampUI;
			sourceTree = "<group>";
		};
		AF0143962B8DF25A00AF5E6C /* LampUITests */ = {
			isa = PBXGroup;
			children = (
				AF0143972B8DF25A00AF5E6C /* LampUITests.swift */,
			);
			path = LampUITests;
			sourceTree = "<group>";
		};
		AF0143A02B8DF25A00AF5E6C /* LampUIUITests */ = {
			isa = PBXGroup;
			children = (
				AF0143A12B8DF25A00AF5E6C /* LampUIUITests.swift */,
				AF0143A32B8DF25A00AF5E6C /* LampUIUITestsLaunchTests.swift */,
			);
			path = LampUIUITests;
			sourceTree = "<group>";
		};
/* End PBXGroup section */

/* Begin PBXNativeTarget section */
		AF01437C2B8DF25600AF5E6C /* LampUI */ = {
			isa = PBXNativeTarget;
			buildConfigurationList = AF0143A72B8DF25A00AF5E6C /* Build configuration list for PBXNativeTarget "LampUI" */;
			buildPhases = (
				AF0143792B8DF25600AF5E6C /* Sources */,
				AF01437A2B8DF25600AF5E6C /* Frameworks */,
				AF01437B2B8DF25600AF5E6C /* Resources */,
			);
			buildRules = (
			);
			dependencies = (
			);
			name = LampUI;
			productName = LampUI;
			productReference = AF01437D2B8DF25600AF5E6C /* LampUI.app */;
			productType = "com.apple.product-type.application";
		};
		AF0143922B8DF25A00AF5E6C /* LampUITests */ = {
			isa = PBXNativeTarget;
			buildConfigurationList = AF0143AA2B8DF25A00AF5E6C /* Build configuration list for PBXNativeTarget "LampUITests" */;
			buildPhases = (
				AF01438F2B8DF25A00AF5E6C /* Sources */,
				AF0143902B8DF25A00AF5E6C /* Frameworks */,
				AF0143912B8DF25A00AF5E6C /* Resources */,
			);
			buildRules = (
			);
			dependencies = (
				AF0143952B8DF25A00AF5E6C /* PBXTargetDependency */,
			);
			name = LampUITests;
			productName = LampUITests;
			productReference = AF0143932B8DF25A00AF5E6C /* LampUITests.xctest */;
			productType = "com.apple.product-type.bundle.unit-test";
		};
		AF01439C2B8DF25A00AF5E6C /* LampUIUITests */ = {
			isa = PBXNativeTarget;
			buildConfigurationList = AF0143AD2B8DF25A00AF5E6C /* Build configuration list for PBXNativeTarget "LampUIUITests" */;
			buildPhases = (
				AF0143992B8DF25A00AF5E6C /* Sources */,
				AF01439A2B8DF25A00AF5E6C /* Frameworks */,
				AF01439B2B8DF25A00AF5E6C /* Resources */,
			);
			buildRules = (
			);
			dependencies = (
				AF01439F2B8DF25A00AF5E6C /* PBXTargetDependency */,
			);
			name = LampUIUITests;
			productName = LampUIUITests;
			productReference = AF01439D2B8DF25A00AF5E6C /* LampUIUITests.xctest */;
			productType = "com.apple.product-type.bundle.ui-testing";
		};
/* End PBXNativeTarget section */

/* Begin PBXProject section */
		AF0143752B8DF25600AF5E6C /* Project object */ = {
			isa = PBXProject;
			attributes = {
				BuildIndependentTargetsInParallel = 1;
				LastSwiftUpdateCheck = 1520;
				LastUpgradeCheck = 1520;
				TargetAttributes = {
					AF01437C2B8DF25600AF5E6C = {
						CreatedOnToolsVersion = 15.2;
					};
					AF0143922B8DF25A00AF5E6C = {
						CreatedOnToolsVersion = 15.2;
						TestTargetID = AF01437C2B8DF25600AF5E6C;
					};
					AF01439C2B8DF25A00AF5E6C = {
						CreatedOnToolsVersion = 15.2;
						TestTargetID = AF01437C2B8DF25600AF5E6C;
					};
				};
			};
			buildConfigurationList = AF0143782B8DF25600AF5E6C /* Build configuration list for PBXProject "LampUI" */;
			compatibilityVersion = "Xcode 14.0";
			developmentRegion = en;
			hasScannedForEncodings = 0;
			knownRegions = (
				en,
				Base,
			);
			mainGroup = AF0143742B8DF25600AF5E6C;
			productRefGroup = AF01437E2B8DF25600AF5E6C /* Products */;
			projectDirPath = "";
			projectRoot = "";
			targets = (
				AF01437C2B8DF25600AF5E6C /* LampUI */,
				AF0143922B8DF25A00AF5E6C /* LampUITests */,
				AF01439C2B8DF25A00AF5E6C /* LampUIUITests */,
			);
		};
/* End PBXProject section */

/* Begin PBXResourcesBuildPhase section */
		AF01437B2B8DF25600AF5E6C /* Resources */ = {
			isa = PBXResourcesBuildPhase;
			buildActionMask = 2147483647;
			files = (
				AF01438D2B8DF25A00AF5E6C /* LaunchScreen.storyboard in Resources */,
				AF01438A2B8DF25A00AF5E6C /* Assets.xcassets in Resources */,
				AF0143B32B8DF39A00AF5E6C /* LampVC.xib in Resources */,
			);
			runOnlyForDeploymentPostprocessing = 0;
		};
		AF0143912B8DF25A00AF5E6C /* Resources */ = {
			isa = PBXResourcesBuildPhase;
			buildActionMask = 2147483647;
			files = (
			);
			runOnlyForDeploymentPostprocessing = 0;
		};
		AF01439B2B8DF25A00AF5E6C /* Resources */ = {
			isa = PBXResourcesBuildPhase;
			buildActionMask = 2147483647;
			files = (
			);
			runOnlyForDeploymentPostprocessing = 0;
		};
/* End PBXResourcesBuildPhase section */

/* Begin PBXSourcesBuildPhase section */
		AF0143792B8DF25600AF5E6C /* Sources */ = {
			isa = PBXSourcesBuildPhase;
			buildActionMask = 2147483647;
			files = (
				AF0143B22B8DF39A00AF5E6C /* LampVC.swift in Sources */,
				AF0143812B8DF25600AF5E6C /* AppDelegate.swift in Sources */,
			);
			runOnlyForDeploymentPostprocessing = 0;
		};
		AF01438F2B8DF25A00AF5E6C /* Sources */ = {
			isa = PBXSourcesBuildPhase;
			buildActionMask = 2147483647;
			files = (
				AF0143982B8DF25A00AF5E6C /* LampUITests.swift in Sources */,
			);
			runOnlyForDeploymentPostprocessing = 0;
		};
		AF0143992B8DF25A00AF5E6C /* Sources */ = {
			isa = PBXSourcesBuildPhase;
			buildActionMask = 2147483647;
			files = (
				AF0143A42B8DF25A00AF5E6C /* LampUIUITestsLaunchTests.swift in Sources */,
				AF0143A22B8DF25A00AF5E6C /* LampUIUITests.swift in Sources */,
			);
			runOnlyForDeploymentPostprocessing = 0;
		};
/* End PBXSourcesBuildPhase section */

/* Begin PBXTargetDependency section */
		AF0143952B8DF25A00AF5E6C /* PBXTargetDependency */ = {
			isa = PBXTargetDependency;
			target = AF01437C2B8DF25600AF5E6C /* LampUI */;
			targetProxy = AF0143942B8DF25A00AF5E6C /* PBXContainerItemProxy */;
		};
		AF01439F2B8DF25A00AF5E6C /* PBXTargetDependency */ = {
			isa = PBXTargetDependency;
			target = AF01437C2B8DF25600AF5E6C /* LampUI */;
			targetProxy = AF01439E2B8DF25A00AF5E6C /* PBXContainerItemProxy */;
		};
/* End PBXTargetDependency section */

/* Begin PBXVariantGroup section */
		AF01438B2B8DF25A00AF5E6C /* LaunchScreen.storyboard */ = {
			isa = PBXVariantGroup;
			children = (
				AF01438C2B8DF25A00AF5E6C /* Base */,
			);
			name = LaunchScreen.storyboard;
			sourceTree = "<group>";
		};
/* End PBXVariantGroup section */

/* Begin XCBuildConfiguration section */
		AF0143A52B8DF25A00AF5E6C /* Debug */ = {
			isa = XCBuildConfiguration;
			buildSettings = {
				ALWAYS_SEARCH_USER_PATHS = NO;
				ASSETCATALOG_COMPILER_GENERATE_SWIFT_ASSET_SYMBOL_EXTENSIONS = YES;
				CLANG_ANALYZER_NONNULL = YES;
				CLANG_ANALYZER_NUMBER_OBJECT_CONVERSION = YES_AGGRESSIVE;
				CLANG_CXX_LANGUAGE_STANDARD = "gnu++20";
				CLANG_ENABLE_MODULES = YES;
				CLANG_ENABLE_OBJC_ARC = YES;
				CLANG_ENABLE_OBJC_WEAK = YES;
				CLANG_WARN_BLOCK_CAPTURE_AUTORELEASING = YES;
				CLANG_WARN_BOOL_CONVERSION = YES;
				CLANG_WARN_COMMA = YES;
				CLANG_WARN_CONSTANT_CONVERSION = YES;
				CLANG_WARN_DEPRECATED_OBJC_IMPLEMENTATIONS = YES;
				CLANG_WARN_DIRECT_OBJC_ISA_USAGE = YES_ERROR;
				CLANG_WARN_DOCUMENTATION_COMMENTS = YES;
				CLANG_WARN_EMPTY_BODY = YES;
				CLANG_WARN_ENUM_CONVERSION = YES;
				CLANG_WARN_INFINITE_RECURSION = YES;
				CLANG_WARN_INT_CONVERSION = YES;
				CLANG_WARN_NON_LITERAL_NULL_CONVERSION = YES;
				CLANG_WARN_OBJC_IMPLICIT_RETAIN_SELF = YES;
				CLANG_WARN_OBJC_LITERAL_CONVERSION = YES;
				CLANG_WARN_OBJC_ROOT_CLASS = YES_ERROR;
				CLANG_WARN_QUOTED_INCLUDE_IN_FRAMEWORK_HEADER = YES;
				CLANG_WARN_RANGE_LOOP_ANALYSIS = YES;
				CLANG_WARN_STRICT_PROTOTYPES = YES;
				CLANG_WARN_SUSPICIOUS_MOVE = YES;
				CLANG_WARN_UNGUARDED_AVAILABILITY = YES_AGGRESSIVE;
				CLANG_WARN_UNREACHABLE_CODE = YES;
				CLANG_WARN__DUPLICATE_METHOD_MATCH = YES;
				COPY_PHASE_STRIP = NO;
				DEBUG_INFORMATION_FORMAT = dwarf;
				ENABLE_STRICT_OBJC_MSGSEND = YES;
				ENABLE_TESTABILITY = YES;
				ENABLE_USER_SCRIPT_SANDBOXING = YES;
				GCC_C_LANGUAGE_STANDARD = gnu17;
				GCC_DYNAMIC_NO_PIC = NO;
				GCC_NO_COMMON_BLOCKS = YES;
				GCC_OPTIMIZATION_LEVEL = 0;
				GCC_PREPROCESSOR_DEFINITIONS = (
					"DEBUG=1",
					"$(inherited)",
				);
				GCC_WARN_64_TO_32_BIT_CONVERSION = YES;
				GCC_WARN_ABOUT_RETURN_TYPE = YES_ERROR;
				GCC_WARN_UNDECLARED_SELECTOR = YES;
				GCC_WARN_UNINITIALIZED_AUTOS = YES_AGGRESSIVE;
				GCC_WARN_UNUSED_FUNCTION = YES;
				GCC_WARN_UNUSED_VARIABLE = YES;
				IPHONEOS_DEPLOYMENT_TARGET = 17.2;
				LOCALIZATION_PREFERS_STRING_CATALOGS = YES;
				MTL_ENABLE_DEBUG_INFO = INCLUDE_SOURCE;
				MTL_FAST_MATH = YES;
				ONLY_ACTIVE_ARCH = YES;
				SDKROOT = iphoneos;
				SWIFT_ACTIVE_COMPILATION_CONDITIONS = "DEBUG $(inherited)";
				SWIFT_OPTIMIZATION_LEVEL = "-Onone";
			};
			name = Debug;
		};
		AF0143A62B8DF25A00AF5E6C /* Release */ = {
			isa = XCBuildConfiguration;
			buildSettings = {
				ALWAYS_SEARCH_USER_PATHS = NO;
				ASSETCATALOG_COMPILER_GENERATE_SWIFT_ASSET_SYMBOL_EXTENSIONS = YES;
				CLANG_ANALYZER_NONNULL = YES;
				CLANG_ANALYZER_NUMBER_OBJECT_CONVERSION = YES_AGGRESSIVE;
				CLANG_CXX_LANGUAGE_STANDARD = "gnu++20";
				CLANG_ENABLE_MODULES = YES;
				CLANG_ENABLE_OBJC_ARC = YES;
				CLANG_ENABLE_OBJC_WEAK = YES;
				CLANG_WARN_BLOCK_CAPTURE_AUTORELEASING = YES;
				CLANG_WARN_BOOL_CONVERSION = YES;
				CLANG_WARN_COMMA = YES;
				CLANG_WARN_CONSTANT_CONVERSION = YES;
				CLANG_WARN_DEPRECATED_OBJC_IMPLEMENTATIONS = YES;
				CLANG_WARN_DIRECT_OBJC_ISA_USAGE = YES_ERROR;
				CLANG_WARN_DOCUMENTATION_COMMENTS = YES;
				CLANG_WARN_EMPTY_BODY = YES;
				CLANG_WARN_ENUM_CONVERSION = YES;
				CLANG_WARN_INFINITE_RECURSION = YES;
				CLANG_WARN_INT_CONVERSION = YES;
				CLANG_WARN_NON_LITERAL_NULL_CONVERSION = YES;
				CLANG_WARN_OBJC_IMPLICIT_RETAIN_SELF = YES;
				CLANG_WARN_OBJC_LITERAL_CONVERSION = YES;
				CLANG_WARN_OBJC_ROOT_CLASS = YES_ERROR;
				CLANG_WARN_QUOTED_INCLUDE_IN_FRAMEWORK_HEADER = YES;
				CLANG_WARN_RANGE_LOOP_ANALYSIS = YES;
				CLANG_WARN_STRICT_PROTOTYPES = YES;
				CLANG_WARN_SUSPICIOUS_MOVE = YES;
				CLANG_WARN_UNGUARDED_AVAILABILITY = YES_AGGRESSIVE;
				CLANG_WARN_UNREACHABLE_CODE = YES;
				CLANG_WARN__DUPLICATE_METHOD_MATCH = YES;
				COPY_PHASE_STRIP = NO;
				DEBUG_INFORMATION_FORMAT = "dwarf-with-dsym";
				ENABLE_NS_ASSERTIONS = NO;
				ENABLE_STRICT_OBJC_MSGSEND = YES;
				ENABLE_USER_SCRIPT_SANDBOXING = YES;
				GCC_C_LANGUAGE_STANDARD = gnu17;
				GCC_NO_COMMON_BLOCKS = YES;
				GCC_WARN_64_TO_32_BIT_CONVERSION = YES;
				GCC_WARN_ABOUT_RETURN_TYPE = YES_ERROR;
				GCC_WARN_UNDECLARED_SELECTOR = YES;
				GCC_WARN_UNINITIALIZED_AUTOS = YES_AGGRESSIVE;
				GCC_WARN_UNUSED_FUNCTION = YES;
				GCC_WARN_UNUSED_VARIABLE = YES;
				IPHONEOS_DEPLOYMENT_TARGET = 17.2;
				LOCALIZATION_PREFERS_STRING_CATALOGS = YES;
				MTL_ENABLE_DEBUG_INFO = NO;
				MTL_FAST_MATH = YES;
				SDKROOT = iphoneos;
				SWIFT_COMPILATION_MODE = wholemodule;
				VALIDATE_PRODUCT = YES;
			};
			name = Release;
		};
		AF0143A82B8DF25A00AF5E6C /* Debug */ = {
			isa = XCBuildConfiguration;
			buildSettings = {
				ASSETCATALOG_COMPILER_APPICON_NAME = AppIcon;
				ASSETCATALOG_COMPILER_GLOBAL_ACCENT_COLOR_NAME = AccentColor;
				CODE_SIGN_STYLE = Automatic;
				CURRENT_PROJECT_VERSION = 1;
				DEVELOPMENT_TEAM = 9Y77ZZBLP4;
				GENERATE_INFOPLIST_FILE = YES;
				INFOPLIST_FILE = LampUI/Info.plist;
				INFOPLIST_KEY_UIApplicationSupportsIndirectInputEvents = YES;
				INFOPLIST_KEY_UILaunchStoryboardName = LaunchScreen;
				INFOPLIST_KEY_UIMainStoryboardFile = "";
				INFOPLIST_KEY_UISupportedInterfaceOrientations_iPad = "UIInterfaceOrientationPortrait UIInterfaceOrientationPortraitUpsideDown UIInterfaceOrientationLandscapeLeft UIInterfaceOrientationLandscapeRight";
				INFOPLIST_KEY_UISupportedInterfaceOrientations_iPhone = "UIInterfaceOrientationPortrait UIInterfaceOrientationLandscapeLeft UIInterfaceOrientationLandscapeRight";
				LD_RUNPATH_SEARCH_PATHS = (
					"$(inherited)",
					"@executable_path/Frameworks",
				);
				MARKETING_VERSION = 1.0;
				PRODUCT_BUNDLE_IDENTIFIER = Ural.LampUI;
				PRODUCT_NAME = "$(TARGET_NAME)";
				SWIFT_EMIT_LOC_STRINGS = YES;
				SWIFT_VERSION = 5.0;
				TARGETED_DEVICE_FAMILY = "1,2";
			};
			name = Debug;
		};
		AF0143A92B8DF25A00AF5E6C /* Release */ = {
			isa = XCBuildConfiguration;
			buildSettings = {
				ASSETCATALOG_COMPILER_APPICON_NAME = AppIcon;
				ASSETCATALOG_COMPILER_GLOBAL_ACCENT_COLOR_NAME = AccentColor;
				CODE_SIGN_STYLE = Automatic;
				CURRENT_PROJECT_VERSION = 1;
				DEVELOPMENT_TEAM = 9Y77ZZBLP4;
				GENERATE_INFOPLIST_FILE = YES;
				INFOPLIST_FILE = LampUI/Info.plist;
				INFOPLIST_KEY_UIApplicationSupportsIndirectInputEvents = YES;
				INFOPLIST_KEY_UILaunchStoryboardName = LaunchScreen;
				INFOPLIST_KEY_UIMainStoryboardFile = "";
				INFOPLIST_KEY_UISupportedInterfaceOrientations_iPad = "UIInterfaceOrientationPortrait UIInterfaceOrientationPortraitUpsideDown UIInterfaceOrientationLandscapeLeft UIInterfaceOrientationLandscapeRight";
				INFOPLIST_KEY_UISupportedInterfaceOrientations_iPhone = "UIInterfaceOrientationPortrait UIInterfaceOrientationLandscapeLeft UIInterfaceOrientationLandscapeRight";
				LD_RUNPATH_SEARCH_PATHS = (
					"$(inherited)",
					"@executable_path/Frameworks",
				);
				MARKETING_VERSION = 1.0;
				PRODUCT_BUNDLE_IDENTIFIER = Ural.LampUI;
				PRODUCT_NAME = "$(TARGET_NAME)";
				SWIFT_EMIT_LOC_STRINGS = YES;
				SWIFT_VERSION = 5.0;
				TARGETED_DEVICE_FAMILY = "1,2";
			};
			name = Release;
		};
		AF0143AB2B8DF25A00AF5E6C /* Debug */ = {
			isa = XCBuildConfiguration;
			buildSettings = {
				ALWAYS_EMBED_SWIFT_STANDARD_LIBRARIES = YES;
				BUNDLE_LOADER = "$(TEST_HOST)";
				CODE_SIGN_STYLE = Automatic;
				CURRENT_PROJECT_VERSION = 1;
				DEVELOPMENT_TEAM = 9Y77ZZBLP4;
				GENERATE_INFOPLIST_FILE = YES;
				IPHONEOS_DEPLOYMENT_TARGET = 17.2;
				MARKETING_VERSION = 1.0;
				PRODUCT_BUNDLE_IDENTIFIER = Ural.LampUITests;
				PRODUCT_NAME = "$(TARGET_NAME)";
				SWIFT_EMIT_LOC_STRINGS = NO;
				SWIFT_VERSION = 5.0;
				TARGETED_DEVICE_FAMILY = "1,2";
				TEST_HOST = "$(BUILT_PRODUCTS_DIR)/LampUI.app/$(BUNDLE_EXECUTABLE_FOLDER_PATH)/LampUI";
			};
			name = Debug;
		};
		AF0143AC2B8DF25A00AF5E6C /* Release */ = {
			isa = XCBuildConfiguration;
			buildSettings = {
				ALWAYS_EMBED_SWIFT_STANDARD_LIBRARIES = YES;
				BUNDLE_LOADER = "$(TEST_HOST)";
				CODE_SIGN_STYLE = Automatic;
				CURRENT_PROJECT_VERSION = 1;
				DEVELOPMENT_TEAM = 9Y77ZZBLP4;
				GENERATE_INFOPLIST_FILE = YES;
				IPHONEOS_DEPLOYMENT_TARGET = 17.2;
				MARKETING_VERSION = 1.0;
				PRODUCT_BUNDLE_IDENTIFIER = Ural.LampUITests;
				PRODUCT_NAME = "$(TARGET_NAME)";
				SWIFT_EMIT_LOC_STRINGS = NO;
				SWIFT_VERSION = 5.0;
				TARGETED_DEVICE_FAMILY = "1,2";
				TEST_HOST = "$(BUILT_PRODUCTS_DIR)/LampUI.app/$(BUNDLE_EXECUTABLE_FOLDER_PATH)/LampUI";
			};
			name = Release;
		};
		AF0143AE2B8DF25A00AF5E6C /* Debug */ = {
			isa = XCBuildConfiguration;
			buildSettings = {
				ALWAYS_EMBED_SWIFT_STANDARD_LIBRARIES = YES;
				CODE_SIGN_STYLE = Automatic;
				CURRENT_PROJECT_VERSION = 1;
				DEVELOPMENT_TEAM = 9Y77ZZBLP4;
				GENERATE_INFOPLIST_FILE = YES;
				MARKETING_VERSION = 1.0;
				PRODUCT_BUNDLE_IDENTIFIER = Ural.LampUIUITests;
				PRODUCT_NAME = "$(TARGET_NAME)";
				SWIFT_EMIT_LOC_STRINGS = NO;
				SWIFT_VERSION = 5.0;
				TARGETED_DEVICE_FAMILY = "1,2";
				TEST_TARGET_NAME = LampUI;
			};
			name = Debug;
		};
		AF0143AF2B8DF25A00AF5E6C /* Release */ = {
			isa = XCBuildConfiguration;
			buildSettings = {
				ALWAYS_EMBED_SWIFT_STANDARD_LIBRARIES = YES;
				CODE_SIGN_STYLE = Automatic;
				CURRENT_PROJECT_VERSION = 1;
				DEVELOPMENT_TEAM = 9Y77ZZBLP4;
				GENERATE_INFOPLIST_FILE = YES;
				MARKETING_VERSION = 1.0;
				PRODUCT_BUNDLE_IDENTIFIER = Ural.LampUIUITests;
				PRODUCT_NAME = "$(TARGET_NAME)";
				SWIFT_EMIT_LOC_STRINGS = NO;
				SWIFT_VERSION = 5.0;
				TARGETED_DEVICE_FAMILY = "1,2";
				TEST_TARGET_NAME = LampUI;
			};
			name = Release;
		};
/* End XCBuildConfiguration section */

/* Begin XCConfigurationList section */
		AF0143782B8DF25600AF5E6C /* Build configuration list for PBXProject "LampUI" */ = {
			isa = XCConfigurationList;
			buildConfigurations = (
				AF0143A52B8DF25A00AF5E6C /* Debug */,
				AF0143A62B8DF25A00AF5E6C /* Release */,
			);
			defaultConfigurationIsVisible = 0;
			defaultConfigurationName = Release;
		};
		AF0143A72B8DF25A00AF5E6C /* Build configuration list for PBXNativeTarget "LampUI" */ = {
			isa = XCConfigurationList;
			buildConfigurations = (
				AF0143A82B8DF25A00AF5E6C /* Debug */,
				AF0143A92B8DF25A00AF5E6C /* Release */,
			);
			defaultConfigurationIsVisible = 0;
			defaultConfigurationName = Release;
		};
		AF0143AA2B8DF25A00AF5E6C /* Build configuration list for PBXNativeTarget "LampUITests" */ = {
			isa = XCConfigurationList;
			buildConfigurations = (
				AF0143AB2B8DF25A00AF5E6C /* Debug */,
				AF0143AC2B8DF25A00AF5E6C /* Release */,
			);
			defaultConfigurationIsVisible = 0;
			defaultConfigurationName = Release;
		};
		AF0143AD2B8DF25A00AF5E6C /* Build configuration list for PBXNativeTarget "LampUIUITests" */ = {
			isa = XCConfigurationList;
			buildConfigurations = (
				AF0143AE2B8DF25A00AF5E6C /* Debug */,
				AF0143AF2B8DF25A00AF5E6C /* Release */,
			);
			defaultConfigurationIsVisible = 0;
			defaultConfigurationName = Release;
		};
/* End XCConfigurationList section */
	};
	rootObject = AF0143752B8DF25600AF5E6C /* Project object */;
}
